
Microsoft Visual Studio Solution File, Format Version 12.00
# Visual Studio Version 17
VisualStudioVersion = 17.12.35527.113
MinimumVisualStudioVersion = 10.0.40219.1
Project("{FAE04EC0-301F-11D3-BF4B-00C04F79EFBC}") = "MauiEmbedded.Core", "MauiEmbedded\MauiEmbedded.Core.csproj", "{F1CB608B-26B5-4E3F-B0E6-516ED0BE19BC}"
EndProject
Project("{FAE04EC0-301F-11D3-BF4B-00C04F79EFBC}") = "MauiEmbedded.Droid", "MauiEmbedded.Droid\MauiEmbedded.Droid.csproj", "{DE62CC54-8BCF-4988-9BED-E1F01DA90337}"
EndProject
Project("{2150E333-8FDC-42A3-9474-1A3956D46DE8}") = "Embedded", "Embedded", "{F1F42501-AA28-40B8-8AEE-80FA5F996D49}"
EndProject
Project("{2150E333-8FDC-42A3-9474-1A3956D46DE8}") = "Native", "Native", "{087EB25B-E61E-4438-891B-F98F3FB72A2E}"
EndProject
Project("{FAE04EC0-301F-11D3-BF4B-00C04F79EFBC}") = "MauiEmbedded.Native.Droid", "MauiEmbedded.Native.Droid\MauiEmbedded.Native.Droid.csproj", "{04DF3E78-457A-4783-BDB3-CCE3C4F598C5}"
EndProject
Project("{2150E333-8FDC-42A3-9474-1A3956D46DE8}") = "Maui", "Maui", "{AD2B493E-2E44-4605-85EB-E8C671308C9A}"
EndProject
Project("{FAE04EC0-301F-11D3-BF4B-00C04F79EFBC}") = "MauiEmbedded.Maui", "MauiEmbedded.Maui\MauiEmbedded.Maui.csproj", "{EEA4CB0A-7862-4771-B0D0-57F37A61AD67}"
EndProject
Global
	GlobalSection(SolutionConfigurationPlatforms) = preSolution
		Debug|Any CPU = Debug|Any CPU
		Release|Any CPU = Release|Any CPU
	EndGlobalSection
	GlobalSection(ProjectConfigurationPlatforms) = postSolution
		{F1CB608B-26B5-4E3F-B0E6-516ED0BE19BC}.Debug|Any CPU.ActiveCfg = Debug|Any CPU
		{F1CB608B-26B5-4E3F-B0E6-516ED0BE19BC}.Debug|Any CPU.Build.0 = Debug|Any CPU
		{F1CB608B-26B5-4E3F-B0E6-516ED0BE19BC}.Release|Any CPU.ActiveCfg = Release|Any CPU
		{F1CB608B-26B5-4E3F-B0E6-516ED0BE19BC}.Release|Any CPU.Build.0 = Release|Any CPU
		{DE62CC54-8BCF-4988-9BED-E1F01DA90337}.Debug|Any CPU.ActiveCfg = Debug|Any CPU
		{DE62CC54-8BCF-4988-9BED-E1F01DA90337}.Debug|Any CPU.Build.0 = Debug|Any CPU
		{DE62CC54-8BCF-4988-9BED-E1F01DA90337}.Debug|Any CPU.Deploy.0 = Debug|Any CPU
		{DE62CC54-8BCF-4988-9BED-E1F01DA90337}.Release|Any CPU.ActiveCfg = Release|Any CPU
		{DE62CC54-8BCF-4988-9BED-E1F01DA90337}.Release|Any CPU.Build.0 = Release|Any CPU
		{DE62CC54-8BCF-4988-9BED-E1F01DA90337}.Release|Any CPU.Deploy.0 = Release|Any CPU
		{04DF3E78-457A-4783-BDB3-CCE3C4F598C5}.Debug|Any CPU.ActiveCfg = Debug|Any CPU
		{04DF3E78-457A-4783-BDB3-CCE3C4F598C5}.Debug|Any CPU.Build.0 = Debug|Any CPU
		{04DF3E78-457A-4783-BDB3-CCE3C4F598C5}.Debug|Any CPU.Deploy.0 = Debug|Any CPU
		{04DF3E78-457A-4783-BDB3-CCE3C4F598C5}.Release|Any CPU.ActiveCfg = Release|Any CPU
		{04DF3E78-457A-4783-BDB3-CCE3C4F598C5}.Release|Any CPU.Build.0 = Release|Any CPU
		{04DF3E78-457A-4783-BDB3-CCE3C4F598C5}.Release|Any CPU.Deploy.0 = Release|Any CPU
		{EEA4CB0A-7862-4771-B0D0-57F37A61AD67}.Debug|Any CPU.ActiveCfg = Debug|Any CPU
		{EEA4CB0A-7862-4771-B0D0-57F37A61AD67}.Debug|Any CPU.Build.0 = Debug|Any CPU
		{EEA4CB0A-7862-4771-B0D0-57F37A61AD67}.Release|Any CPU.ActiveCfg = Release|Any CPU
		{EEA4CB0A-7862-4771-B0D0-57F37A61AD67}.Release|Any CPU.Build.0 = Release|Any CPU
	EndGlobalSection
	GlobalSection(SolutionProperties) = preSolution
		HideSolutionNode = FALSE
	EndGlobalSection
	GlobalSection(NestedProjects) = preSolution
		{F1CB608B-26B5-4E3F-B0E6-516ED0BE19BC} = {F1F42501-AA28-40B8-8AEE-80FA5F996D49}
		{DE62CC54-8BCF-4988-9BED-E1F01DA90337} = {F1F42501-AA28-40B8-8AEE-80FA5F996D49}
		{04DF3E78-457A-4783-BDB3-CCE3C4F598C5} = {087EB25B-E61E-4438-891B-F98F3FB72A2E}
		{EEA4CB0A-7862-4771-B0D0-57F37A61AD67} = {AD2B493E-2E44-4605-85EB-E8C671308C9A}
	EndGlobalSection
EndGlobal
